{"version":4,"terraform_version":"1.9.1","serial":13,"lineage":"2005ac0b-a02c-f10a-8516-2c55d6c87872","outputs":{"baseline_app_url":{"value":"http://newboots-ecs-alb-1410550651.us-east-1.elb.amazonaws.com","type":"string"},"sidecar_app_url":{"value":"http://newboots-ecs-alb-1410550651.us-east-1.elb.amazonaws.com/sidecar/","type":"string"}},"resources":[{"mode":"data","type":"aws_caller_identity","name":"current","provider":"provider[\"registry.opentofu.org/hashicorp/aws\"]","instances":[{"schema_version":0,"attributes":{"account_id":"763455676074","arn":"arn:aws:sts::763455676074:assumed-role/AWSReservedSSO_AWSAdministratorAccess_b86998face90f264/ken@speedscale.com","id":"763455676074","user_id":"AROA3DQMBD2VJYLFXFUVE:ken@speedscale.com"},"sensitive_attributes":[]}]},{"mode":"data","type":"aws_iam_policy_document","name":"baseline_logs","provider":"provider[\"registry.opentofu.org/hashicorp/aws\"]","instances":[{"schema_version":0,"attributes":{"id":"1028859760","json":"{\n  \"Version\": \"2012-10-17\",\n  \"Statement\": [\n    {\n      \"Sid\": \"\",\n      \"Effect\": \"Allow\",\n      \"Action\": [\n        \"logs:PutLogEvents\",\n        \"logs:CreateLogStream\"\n      ],\n      \"Resource\": \"arn:aws:logs:us-east-1:763455676074:log-group:/ecs/newboots-ecs/newboots-baseline\"\n    }\n  ]\n}","override_json":null,"override_policy_documents":null,"policy_id":null,"source_json":null,"source_policy_documents":null,"statement":[{"actions":["logs:CreateLogStream","logs:PutLogEvents"],"condition":[],"effect":"Allow","not_actions":[],"not_principals":[],"not_resources":[],"principals":[],"resources":["arn:aws:logs:us-east-1:763455676074:log-group:/ecs/newboots-ecs/newboots-baseline"],"sid":""}],"version":"2012-10-17"},"sensitive_attributes":[]}]},{"mode":"data","type":"aws_iam_policy_document","name":"secrets_access","provider":"provider[\"registry.opentofu.org/hashicorp/aws\"]","instances":[{"schema_version":0,"attributes":{"id":"2217176716","json":"{\n  \"Version\": \"2012-10-17\",\n  \"Statement\": [\n    {\n      \"Sid\": \"\",\n      \"Effect\": \"Allow\",\n      \"Action\": \"secretsmanager:GetSecretValue\",\n      \"Resource\": [\n        \"arn:aws:secretsmanager:us-east-1:763455676074:secret:newboots-tls-key-ZyC3y5\",\n        \"arn:aws:secretsmanager:us-east-1:763455676074:secret:newboots-tls-cert-JrP0pm\",\n        \"arn:aws:secretsmanager:us-east-1:763455676074:secret:newboots-speedscale-apikey-uQeN61\",\n        \"arn:aws:secretsmanager:us-east-1:763455676074:secret:newboots-google-credentials*\"\n      ]\n    }\n  ]\n}","override_json":null,"override_policy_documents":null,"policy_id":null,"source_json":null,"source_policy_documents":null,"statement":[{"actions":["secretsmanager:GetSecretValue"],"condition":[],"effect":"Allow","not_actions":[],"not_principals":[],"not_resources":[],"principals":[],"resources":["arn:aws:secretsmanager:us-east-1:763455676074:secret:newboots-google-credentials*","arn:aws:secretsmanager:us-east-1:763455676074:secret:newboots-speedscale-apikey-uQeN61","arn:aws:secretsmanager:us-east-1:763455676074:secret:newboots-tls-cert-JrP0pm","arn:aws:secretsmanager:us-east-1:763455676074:secret:newboots-tls-key-ZyC3y5"],"sid":""}],"version":"2012-10-17"},"sensitive_attributes":[[{"type":"get_attr","value":"statement"},{"type":"index","value":{"value":0,"type":"number"}},{"type":"get_attr","value":"resources"}]]}]},{"mode":"data","type":"aws_iam_policy_document","name":"sidecar_logs","provider":"provider[\"registry.opentofu.org/hashicorp/aws\"]","instances":[{"schema_version":0,"attributes":{"id":"3747388954","json":"{\n  \"Version\": \"2012-10-17\",\n  \"Statement\": [\n    {\n      \"Sid\": \"\",\n      \"Effect\": \"Allow\",\n      \"Action\": [\n        \"logs:PutLogEvents\",\n        \"logs:CreateLogStream\"\n      ],\n      \"Resource\": [\n        \"arn:aws:logs:us-east-1:763455676074:log-group:/ecs/newboots-ecs/newboots-sidecar\",\n        \"arn:aws:logs:us-east-1:763455676074:log-group:/ecs/newboots-ecs/forwarder\"\n      ]\n    }\n  ]\n}","override_json":null,"override_policy_documents":null,"policy_id":null,"source_json":null,"source_policy_documents":null,"statement":[{"actions":["logs:CreateLogStream","logs:PutLogEvents"],"condition":[],"effect":"Allow","not_actions":[],"not_principals":[],"not_resources":[],"principals":[],"resources":["arn:aws:logs:us-east-1:763455676074:log-group:/ecs/newboots-ecs/forwarder","arn:aws:logs:us-east-1:763455676074:log-group:/ecs/newboots-ecs/newboots-sidecar"],"sid":""}],"version":"2012-10-17"},"sensitive_attributes":[]}]},{"mode":"data","type":"aws_region","name":"current","provider":"provider[\"registry.opentofu.org/hashicorp/aws\"]","instances":[{"schema_version":0,"attributes":{"description":"US East (N. Virginia)","endpoint":"ec2.us-east-1.amazonaws.com","id":"us-east-1","name":"us-east-1"},"sensitive_attributes":[]}]},{"mode":"managed","type":"aws_cloudwatch_log_group","name":"baseline","provider":"provider[\"registry.opentofu.org/hashicorp/aws\"]","instances":[{"schema_version":0,"attributes":{"arn":"arn:aws:logs:us-east-1:763455676074:log-group:/ecs/newboots-ecs/newboots-baseline","id":"/ecs/newboots-ecs/newboots-baseline","kms_key_id":"","name":"/ecs/newboots-ecs/newboots-baseline","name_prefix":"","retention_in_days":7,"skip_destroy":false,"tags":{},"tags_all":{}},"sensitive_attributes":[],"private":"bnVsbA=="}]},{"mode":"managed","type":"aws_cloudwatch_log_group","name":"forwarder","provider":"provider[\"registry.opentofu.org/hashicorp/aws\"]","instances":[{"schema_version":0,"attributes":{"arn":"arn:aws:logs:us-east-1:763455676074:log-group:/ecs/newboots-ecs/forwarder","id":"/ecs/newboots-ecs/forwarder","kms_key_id":"","name":"/ecs/newboots-ecs/forwarder","name_prefix":"","retention_in_days":7,"skip_destroy":false,"tags":{},"tags_all":{}},"sensitive_attributes":[],"private":"bnVsbA=="}]},{"mode":"managed","type":"aws_cloudwatch_log_group","name":"sidecar","provider":"provider[\"registry.opentofu.org/hashicorp/aws\"]","instances":[{"schema_version":0,"attributes":{"arn":"arn:aws:logs:us-east-1:763455676074:log-group:/ecs/newboots-ecs/newboots-sidecar","id":"/ecs/newboots-ecs/newboots-sidecar","kms_key_id":"","name":"/ecs/newboots-ecs/newboots-sidecar","name_prefix":"","retention_in_days":7,"skip_destroy":false,"tags":{},"tags_all":{}},"sensitive_attributes":[],"private":"bnVsbA=="}]},{"mode":"managed","type":"aws_ecs_cluster","name":"main","provider":"provider[\"registry.opentofu.org/hashicorp/aws\"]","instances":[{"schema_version":0,"attributes":{"arn":"arn:aws:ecs:us-east-1:763455676074:cluster/newboots-ecs-cluster","capacity_providers":[],"configuration":[],"default_capacity_provider_strategy":[],"id":"arn:aws:ecs:us-east-1:763455676074:cluster/newboots-ecs-cluster","name":"newboots-ecs-cluster","service_connect_defaults":[],"setting":[{"name":"containerInsights","value":"enabled"}],"tags":{"Environment":"development","Name":"newboots-ecs-cluster"},"tags_all":{"Environment":"development","Name":"newboots-ecs-cluster"}},"sensitive_attributes":[],"private":"bnVsbA=="}]},{"mode":"managed","type":"aws_ecs_service","name":"baseline","provider":"provider[\"registry.opentofu.org/hashicorp/aws\"]","instances":[{"schema_version":0,"attributes":{"alarms":[],"capacity_provider_strategy":[],"cluster":"arn:aws:ecs:us-east-1:763455676074:cluster/newboots-ecs-cluster","deployment_circuit_breaker":[{"enable":true,"rollback":true}],"deployment_controller":[{"type":"ECS"}],"deployment_maximum_percent":200,"deployment_minimum_healthy_percent":100,"desired_count":2,"enable_ecs_managed_tags":false,"enable_execute_command":false,"force_new_deployment":null,"health_check_grace_period_seconds":0,"iam_role":"/aws-service-role/ecs.amazonaws.com/AWSServiceRoleForECS","id":"arn:aws:ecs:us-east-1:763455676074:service/newboots-ecs-cluster/newboots-ecs-baseline","launch_type":"FARGATE","load_balancer":[{"container_name":"newboots","container_port":8080,"elb_name":"","target_group_arn":"arn:aws:elasticloadbalancing:us-east-1:763455676074:targetgroup/newboots-ecs-tg-baseline/7a0afb1078bcf961"}],"name":"newboots-ecs-baseline","network_configuration":[{"assign_public_ip":false,"security_groups":["sg-081aebfd9c98343ac"],"subnets":["subnet-07ff062d801149189"]}],"ordered_placement_strategy":[],"placement_constraints":[],"platform_version":"LATEST","propagate_tags":"NONE","scheduling_strategy":"REPLICA","service_connect_configuration":[],"service_registries":[],"tags":{},"tags_all":{},"task_definition":"arn:aws:ecs:us-east-1:763455676074:task-definition/newboots-ecs-newboots-baseline:5","timeouts":null,"triggers":{},"wait_for_steady_state":false},"sensitive_attributes":[],"private":"eyJlMmJmYjczMC1lY2FhLTExZTYtOGY4OC0zNDM2M2JjN2M0YzAiOnsiY3JlYXRlIjoxMjAwMDAwMDAwMDAwLCJkZWxldGUiOjEyMDAwMDAwMDAwMDAsInVwZGF0ZSI6MTIwMDAwMDAwMDAwMH19","dependencies":["aws_cloudwatch_log_group.baseline","aws_ecs_cluster.main","aws_ecs_task_definition.baseline","aws_iam_role.baseline_task_role","aws_iam_role.task_execution_role","aws_lb_target_group.baseline","aws_security_group.alb","aws_security_group.ecs","data.aws_caller_identity.current","data.aws_region.current"]}]},{"mode":"managed","type":"aws_ecs_service","name":"forwarder","provider":"provider[\"registry.opentofu.org/hashicorp/aws\"]","instances":[{"schema_version":0,"attributes":{"alarms":[],"capacity_provider_strategy":[],"cluster":"arn:aws:ecs:us-east-1:763455676074:cluster/newboots-ecs-cluster","deployment_circuit_breaker":[{"enable":false,"rollback":false}],"deployment_controller":[{"type":"ECS"}],"deployment_maximum_percent":200,"deployment_minimum_healthy_percent":100,"desired_count":1,"enable_ecs_managed_tags":false,"enable_execute_command":false,"force_new_deployment":null,"health_check_grace_period_seconds":0,"iam_role":"/aws-service-role/ecs.amazonaws.com/AWSServiceRoleForECS","id":"arn:aws:ecs:us-east-1:763455676074:service/newboots-ecs-cluster/newboots-ecs-forwarder","launch_type":"FARGATE","load_balancer":[],"name":"newboots-ecs-forwarder","network_configuration":[{"assign_public_ip":false,"security_groups":["sg-0d7cb97dae3f4cfba"],"subnets":["subnet-07ff062d801149189"]}],"ordered_placement_strategy":[],"placement_constraints":[],"platform_version":"LATEST","propagate_tags":"NONE","scheduling_strategy":"REPLICA","service_connect_configuration":[],"service_registries":[{"container_name":"","container_port":0,"port":0,"registry_arn":"arn:aws:servicediscovery:us-east-1:763455676074:service/srv-k3xkmnul3s3wtzza"}],"tags":{},"tags_all":{},"task_definition":"arn:aws:ecs:us-east-1:763455676074:task-definition/newboots-ecs-forwarder:10","timeouts":null,"triggers":{},"wait_for_steady_state":false},"sensitive_attributes":[],"private":"eyJlMmJmYjczMC1lY2FhLTExZTYtOGY4OC0zNDM2M2JjN2M0YzAiOnsiY3JlYXRlIjoxMjAwMDAwMDAwMDAwLCJkZWxldGUiOjEyMDAwMDAwMDAwMDAsInVwZGF0ZSI6MTIwMDAwMDAwMDAwMH19","dependencies":["aws_cloudwatch_log_group.forwarder","aws_ecs_cluster.main","aws_ecs_task_definition.forwarder","aws_iam_role.sidecar_task_role","aws_iam_role.task_execution_role","aws_security_group.alb","aws_security_group.ecs","aws_security_group.forwarder","aws_service_discovery_private_dns_namespace.main","aws_service_discovery_service.forwarder","data.aws_region.current"]}]},{"mode":"managed","type":"aws_ecs_service","name":"sidecar","provider":"provider[\"registry.opentofu.org/hashicorp/aws\"]","instances":[{"schema_version":0,"attributes":{"alarms":[],"capacity_provider_strategy":[],"cluster":"arn:aws:ecs:us-east-1:763455676074:cluster/newboots-ecs-cluster","deployment_circuit_breaker":[{"enable":true,"rollback":true}],"deployment_controller":[{"type":"ECS"}],"deployment_maximum_percent":200,"deployment_minimum_healthy_percent":100,"desired_count":2,"enable_ecs_managed_tags":false,"enable_execute_command":false,"force_new_deployment":null,"health_check_grace_period_seconds":0,"iam_role":"/aws-service-role/ecs.amazonaws.com/AWSServiceRoleForECS","id":"arn:aws:ecs:us-east-1:763455676074:service/newboots-ecs-cluster/newboots-ecs-sidecar","launch_type":"FARGATE","load_balancer":[{"container_name":"newboots","container_port":8080,"elb_name":"","target_group_arn":"arn:aws:elasticloadbalancing:us-east-1:763455676074:targetgroup/newboots-ecs-tg-sidecar/260bec850144fb1f"}],"name":"newboots-ecs-sidecar","network_configuration":[{"assign_public_ip":false,"security_groups":["sg-081aebfd9c98343ac"],"subnets":["subnet-07ff062d801149189"]}],"ordered_placement_strategy":[],"placement_constraints":[],"platform_version":"LATEST","propagate_tags":"NONE","scheduling_strategy":"REPLICA","service_connect_configuration":[],"service_registries":[],"tags":{},"tags_all":{},"task_definition":"arn:aws:ecs:us-east-1:763455676074:task-definition/newboots-ecs-newboots-sidecar:6","timeouts":null,"triggers":{},"wait_for_steady_state":false},"sensitive_attributes":[],"private":"eyJlMmJmYjczMC1lY2FhLTExZTYtOGY4OC0zNDM2M2JjN2M0YzAiOnsiY3JlYXRlIjoxMjAwMDAwMDAwMDAwLCJkZWxldGUiOjEyMDAwMDAwMDAwMDAsInVwZGF0ZSI6MTIwMDAwMDAwMDAwMH19","dependencies":["aws_cloudwatch_log_group.forwarder","aws_ecs_cluster.main","aws_ecs_service.forwarder","aws_ecs_task_definition.forwarder","aws_ecs_task_definition.sidecar","aws_iam_role.sidecar_task_role","aws_iam_role.task_execution_role","aws_lb_target_group.sidecar","aws_security_group.alb","aws_security_group.ecs","aws_security_group.forwarder","aws_service_discovery_private_dns_namespace.main","aws_service_discovery_service.forwarder","data.aws_region.current"]}]},{"mode":"managed","type":"aws_ecs_task_definition","name":"baseline","provider":"provider[\"registry.opentofu.org/hashicorp/aws\"]","instances":[{"schema_version":1,"attributes":{"arn":"arn:aws:ecs:us-east-1:763455676074:task-definition/newboots-ecs-newboots-baseline:5","arn_without_revision":"arn:aws:ecs:us-east-1:763455676074:task-definition/newboots-ecs-newboots-baseline","container_definitions":"[{\"cpu\":0,\"environment\":[{\"name\":\"SERVER_PORT\",\"value\":\"8080\"},{\"name\":\"SPRING_PROFILES_ACTIVE\",\"value\":\"development\"}],\"essential\":true,\"healthCheck\":{\"command\":[\"CMD-SHELL\",\"curl -f http://localhost:8080/actuator/health || exit 1\"],\"interval\":30,\"retries\":3,\"startPeriod\":60,\"timeout\":5},\"image\":\"ghcr.io/kenahrens/newboots:latest\",\"logConfiguration\":{\"logDriver\":\"awslogs\",\"options\":{\"awslogs-group\":\"/ecs/newboots-ecs/newboots-baseline\",\"awslogs-region\":\"us-east-1\",\"awslogs-stream-prefix\":\"baseline\"}},\"mountPoints\":[],\"name\":\"newboots\",\"portMappings\":[{\"containerPort\":8080,\"hostPort\":8080,\"protocol\":\"tcp\"}],\"secrets\":[],\"systemControls\":[],\"volumesFrom\":[]}]","cpu":"512","ephemeral_storage":[],"execution_role_arn":"arn:aws:iam::763455676074:role/newboots-ecs-task-execution-role","family":"newboots-ecs-newboots-baseline","id":"newboots-ecs-newboots-baseline","inference_accelerator":[],"ipc_mode":"","memory":"1024","network_mode":"awsvpc","pid_mode":"","placement_constraints":[],"proxy_configuration":[],"requires_compatibilities":["FARGATE"],"revision":5,"runtime_platform":[],"skip_destroy":false,"tags":{},"tags_all":{},"task_role_arn":"arn:aws:iam::763455676074:role/newboots-ecs-baseline-task-role","volume":[]},"sensitive_attributes":[],"private":"eyJzY2hlbWFfdmVyc2lvbiI6IjEifQ==","dependencies":["aws_cloudwatch_log_group.baseline","aws_iam_role.baseline_task_role","aws_iam_role.task_execution_role","data.aws_caller_identity.current","data.aws_region.current"]}]},{"mode":"managed","type":"aws_ecs_task_definition","name":"forwarder","provider":"provider[\"registry.opentofu.org/hashicorp/aws\"]","instances":[{"schema_version":1,"attributes":{"arn":"arn:aws:ecs:us-east-1:763455676074:task-definition/newboots-ecs-forwarder:10","arn_without_revision":"arn:aws:ecs:us-east-1:763455676074:task-definition/newboots-ecs-forwarder","container_definitions":"[{\"cpu\":0,\"environment\":[{\"name\":\"CLUSTER_NAME\",\"value\":\"newboots-ecs-cluster\"},{\"name\":\"FIREHOSE_STREAM\",\"value\":\"staging-sstenant-elastic\"},{\"name\":\"SPEEDSCALE_APP_URL\",\"value\":\"staging.speedscale.com\"}],\"essential\":true,\"image\":\"gcr.io/speedscale/forwarder:v2.3.586\",\"logConfiguration\":{\"logDriver\":\"awslogs\",\"options\":{\"awslogs-group\":\"/ecs/newboots-ecs/forwarder\",\"awslogs-region\":\"us-east-1\",\"awslogs-stream-prefix\":\"forwarder\"}},\"mountPoints\":[],\"name\":\"forwarder\",\"portMappings\":[{\"containerPort\":8888,\"hostPort\":8888,\"protocol\":\"tcp\"}],\"secrets\":[{\"name\":\"SPEEDSCALE_API_KEY\",\"valueFrom\":\"arn:aws:secretsmanager:us-east-1:763455676074:secret:newboots-speedscale-apikey-uQeN61\"}],\"systemControls\":[],\"volumesFrom\":[]}]","cpu":"256","ephemeral_storage":[],"execution_role_arn":"arn:aws:iam::763455676074:role/newboots-ecs-task-execution-role","family":"newboots-ecs-forwarder","id":"newboots-ecs-forwarder","inference_accelerator":[],"ipc_mode":"","memory":"512","network_mode":"awsvpc","pid_mode":"","placement_constraints":[],"proxy_configuration":[],"requires_compatibilities":["FARGATE"],"revision":10,"runtime_platform":[],"skip_destroy":false,"tags":{},"tags_all":{},"task_role_arn":"arn:aws:iam::763455676074:role/newboots-ecs-sidecar-task-role","volume":[]},"sensitive_attributes":[[{"type":"get_attr","value":"container_definitions"}]],"private":"eyJzY2hlbWFfdmVyc2lvbiI6IjEifQ==","dependencies":["aws_cloudwatch_log_group.forwarder","aws_ecs_cluster.main","aws_iam_role.sidecar_task_role","aws_iam_role.task_execution_role","data.aws_region.current"]}]},{"mode":"managed","type":"aws_ecs_task_definition","name":"sidecar","provider":"provider[\"registry.opentofu.org/hashicorp/aws\"]","instances":[{"schema_version":1,"attributes":{"arn":"arn:aws:ecs:us-east-1:763455676074:task-definition/newboots-ecs-newboots-sidecar:6","arn_without_revision":"arn:aws:ecs:us-east-1:763455676074:task-definition/newboots-ecs-newboots-sidecar","container_definitions":"[{\"command\":[\"-c\",\"mkdir -p /etc/ssl/speedscale \u0026\u0026 aws secretsmanager get-secret-value --secret-id newboots-tls-cert --query SecretString --output text \u003e\u003e /etc/ssl/speedscale/tls.crt \u0026\u0026 aws secretsmanager get-secret-value --secret-id newboots-tls-key --query SecretString --output text \u003e\u003e /etc/ssl/speedscale/tls.key\"],\"cpu\":0,\"entryPoint\":[\"bash\"],\"environment\":[],\"essential\":false,\"image\":\"amazon/aws-cli:2.8.4\",\"logConfiguration\":{\"logDriver\":\"awslogs\",\"options\":{\"awslogs-create-group\":\"true\",\"awslogs-group\":\"ecs/init\",\"awslogs-region\":\"us-east-1\",\"awslogs-stream-prefix\":\"ecs\"}},\"mountPoints\":[{\"containerPath\":\"/etc/ssl/speedscale\",\"sourceVolume\":\"speedscale\"}],\"name\":\"init\",\"portMappings\":[],\"systemControls\":[],\"volumesFrom\":[]},{\"cpu\":0,\"dependsOn\":[{\"condition\":\"SUCCESS\",\"containerName\":\"init\"}],\"environment\":[{\"name\":\"APP_LABEL\",\"value\":\"newboots\"},{\"name\":\"APP_POD_NAME\",\"value\":\"newboots\"},{\"name\":\"APP_POD_NAMESPACE\",\"value\":\"ecs\"},{\"name\":\"CAPTURE_MODE\",\"value\":\"proxy\"},{\"name\":\"FORWARDER_ADDR\",\"value\":\"forwarder.ecs.local:8888\"},{\"name\":\"LOG_LEVEL\",\"value\":\"info\"},{\"name\":\"PROXY_PROTOCOL\",\"value\":\"tcp:http\"},{\"name\":\"PROXY_TYPE\",\"value\":\"dual\"},{\"name\":\"REVERSE_PROXY_PORT\",\"value\":\"8080\"},{\"name\":\"TLS_OUT_UNWRAP\",\"value\":\"true\"}],\"essential\":true,\"image\":\"gcr.io/speedscale/goproxy:v2.3\",\"logConfiguration\":{\"logDriver\":\"awslogs\",\"options\":{\"awslogs-create-group\":\"true\",\"awslogs-group\":\"ecs/goproxy\",\"awslogs-region\":\"us-east-1\",\"awslogs-stream-prefix\":\"ecs\"}},\"mountPoints\":[{\"containerPath\":\"/etc/ssl/speedscale\",\"sourceVolume\":\"speedscale\"}],\"name\":\"goproxy\",\"portMappings\":[{\"containerPort\":4143,\"hostPort\":4143,\"protocol\":\"tcp\"},{\"containerPort\":4140,\"hostPort\":4140,\"protocol\":\"tcp\"}],\"systemControls\":[],\"volumesFrom\":[]},{\"cpu\":0,\"dependsOn\":[{\"condition\":\"SUCCESS\",\"containerName\":\"init\"},{\"condition\":\"START\",\"containerName\":\"goproxy\"}],\"environment\":[{\"name\":\"HTTPS_PROXY\",\"value\":\"http://localhost:4140\"},{\"name\":\"HTTP_PROXY\",\"value\":\"http://localhost:4140\"},{\"name\":\"SERVER_PORT\",\"value\":\"8080\"},{\"name\":\"SPRING_PROFILES_ACTIVE\",\"value\":\"development\"},{\"name\":\"SSL_CERT_FILE\",\"value\":\"/etc/ssl/speedscale/tls.crt\"}],\"essential\":true,\"healthCheck\":{\"command\":[\"CMD-SHELL\",\"curl -f http://localhost:8080/actuator/health || exit 1\"],\"interval\":30,\"retries\":3,\"timeout\":5},\"image\":\"ghcr.io/kenahrens/newboots:latest\",\"logConfiguration\":{\"logDriver\":\"awslogs\",\"options\":{\"awslogs-create-group\":\"true\",\"awslogs-group\":\"ecs/newboots\",\"awslogs-region\":\"us-east-1\",\"awslogs-stream-prefix\":\"ecs\"}},\"mountPoints\":[{\"containerPath\":\"/etc/ssl/speedscale\",\"sourceVolume\":\"speedscale\"}],\"name\":\"newboots\",\"portMappings\":[{\"containerPort\":8080,\"hostPort\":8080,\"protocol\":\"tcp\"}],\"systemControls\":[],\"volumesFrom\":[]}]","cpu":"512","ephemeral_storage":[],"execution_role_arn":"arn:aws:iam::763455676074:role/newboots-ecs-task-execution-role","family":"newboots-ecs-newboots-sidecar","id":"newboots-ecs-newboots-sidecar","inference_accelerator":[],"ipc_mode":"","memory":"1024","network_mode":"awsvpc","pid_mode":"","placement_constraints":[],"proxy_configuration":[],"requires_compatibilities":["FARGATE"],"revision":6,"runtime_platform":[],"skip_destroy":false,"tags":{},"tags_all":{},"task_role_arn":"arn:aws:iam::763455676074:role/newboots-ecs-sidecar-task-role","volume":[{"docker_volume_configuration":[],"efs_volume_configuration":[],"fsx_windows_file_server_volume_configuration":[],"host_path":"","name":"speedscale"}]},"sensitive_attributes":[],"private":"eyJzY2hlbWFfdmVyc2lvbiI6IjEifQ==","dependencies":["aws_iam_role.sidecar_task_role","aws_iam_role.task_execution_role"]}]},{"mode":"managed","type":"aws_iam_policy","name":"baseline_logs","provider":"provider[\"registry.opentofu.org/hashicorp/aws\"]","instances":[{"schema_version":0,"attributes":{"arn":"arn:aws:iam::763455676074:policy/newboots-ecs-baseline-logs","description":"","id":"arn:aws:iam::763455676074:policy/newboots-ecs-baseline-logs","name":"newboots-ecs-baseline-logs","name_prefix":"","path":"/","policy":"{\"Statement\":[{\"Action\":[\"logs:PutLogEvents\",\"logs:CreateLogStream\"],\"Effect\":\"Allow\",\"Resource\":\"arn:aws:logs:us-east-1:763455676074:log-group:/ecs/newboots-ecs/newboots-baseline\",\"Sid\":\"\"}],\"Version\":\"2012-10-17\"}","policy_id":"ANPA3DQMBD2VF4G5WE2UJ","tags":{},"tags_all":{}},"sensitive_attributes":[],"private":"bnVsbA==","dependencies":["aws_cloudwatch_log_group.baseline","data.aws_iam_policy_document.baseline_logs"]}]},{"mode":"managed","type":"aws_iam_policy","name":"secrets_access","provider":"provider[\"registry.opentofu.org/hashicorp/aws\"]","instances":[{"schema_version":0,"attributes":{"arn":"arn:aws:iam::763455676074:policy/newboots-ecs-secrets-access","description":"","id":"arn:aws:iam::763455676074:policy/newboots-ecs-secrets-access","name":"newboots-ecs-secrets-access","name_prefix":"","path":"/","policy":"{\"Statement\":[{\"Action\":\"secretsmanager:GetSecretValue\",\"Effect\":\"Allow\",\"Resource\":[\"arn:aws:secretsmanager:us-east-1:763455676074:secret:newboots-tls-key-ZyC3y5\",\"arn:aws:secretsmanager:us-east-1:763455676074:secret:newboots-tls-cert-JrP0pm\",\"arn:aws:secretsmanager:us-east-1:763455676074:secret:newboots-speedscale-apikey-uQeN61\",\"arn:aws:secretsmanager:us-east-1:763455676074:secret:newboots-google-credentials*\"],\"Sid\":\"\"}],\"Version\":\"2012-10-17\"}","policy_id":"ANPA3DQMBD2VMCT4NRJSH","tags":{},"tags_all":{}},"sensitive_attributes":[],"private":"bnVsbA==","dependencies":["data.aws_caller_identity.current","data.aws_iam_policy_document.secrets_access","data.aws_region.current"]}]},{"mode":"managed","type":"aws_iam_policy","name":"sidecar_logs","provider":"provider[\"registry.opentofu.org/hashicorp/aws\"]","instances":[{"schema_version":0,"attributes":{"arn":"arn:aws:iam::763455676074:policy/newboots-ecs-sidecar-logs","description":"","id":"arn:aws:iam::763455676074:policy/newboots-ecs-sidecar-logs","name":"newboots-ecs-sidecar-logs","name_prefix":"","path":"/","policy":"{\"Statement\":[{\"Action\":[\"logs:PutLogEvents\",\"logs:CreateLogStream\"],\"Effect\":\"Allow\",\"Resource\":[\"arn:aws:logs:us-east-1:763455676074:log-group:/ecs/newboots-ecs/newboots-sidecar\",\"arn:aws:logs:us-east-1:763455676074:log-group:/ecs/newboots-ecs/forwarder\"],\"Sid\":\"\"}],\"Version\":\"2012-10-17\"}","policy_id":"ANPA3DQMBD2VMGDF4SVAV","tags":{},"tags_all":{}},"sensitive_attributes":[],"private":"bnVsbA==","dependencies":["aws_cloudwatch_log_group.forwarder","aws_cloudwatch_log_group.sidecar","data.aws_iam_policy_document.sidecar_logs"]}]},{"mode":"managed","type":"aws_iam_role","name":"baseline_task_role","provider":"provider[\"registry.opentofu.org/hashicorp/aws\"]","instances":[{"schema_version":0,"attributes":{"arn":"arn:aws:iam::763455676074:role/newboots-ecs-baseline-task-role","assume_role_policy":"{\"Statement\":[{\"Action\":\"sts:AssumeRole\",\"Effect\":\"Allow\",\"Principal\":{\"Service\":\"ecs-tasks.amazonaws.com\"}}],\"Version\":\"2012-10-17\"}","create_date":"2025-06-23T16:42:13Z","description":"","force_detach_policies":false,"id":"newboots-ecs-baseline-task-role","inline_policy":[],"managed_policy_arns":["arn:aws:iam::763455676074:policy/newboots-ecs-baseline-logs"],"max_session_duration":3600,"name":"newboots-ecs-baseline-task-role","name_prefix":"","path":"/","permissions_boundary":null,"role_last_used":[{"last_used_date":"","region":""}],"tags":{},"tags_all":{},"unique_id":"AROA3DQMBD2VKDHCZLW4H"},"sensitive_attributes":[],"private":"bnVsbA=="}]},{"mode":"managed","type":"aws_iam_role","name":"sidecar_task_role","provider":"provider[\"registry.opentofu.org/hashicorp/aws\"]","instances":[{"schema_version":0,"attributes":{"arn":"arn:aws:iam::763455676074:role/newboots-ecs-sidecar-task-role","assume_role_policy":"{\"Statement\":[{\"Action\":\"sts:AssumeRole\",\"Effect\":\"Allow\",\"Principal\":{\"Service\":\"ecs-tasks.amazonaws.com\"}}],\"Version\":\"2012-10-17\"}","create_date":"2025-06-23T16:42:13Z","description":"","force_detach_policies":false,"id":"newboots-ecs-sidecar-task-role","inline_policy":[],"managed_policy_arns":["arn:aws:iam::763455676074:policy/newboots-ecs-secrets-access","arn:aws:iam::763455676074:policy/newboots-ecs-sidecar-logs"],"max_session_duration":3600,"name":"newboots-ecs-sidecar-task-role","name_prefix":"","path":"/","permissions_boundary":null,"role_last_used":[{"last_used_date":"2025-06-23T17:26:02Z","region":"us-east-1"}],"tags":{},"tags_all":{},"unique_id":"AROA3DQMBD2VCUJCEUCZ2"},"sensitive_attributes":[],"private":"bnVsbA=="}]},{"mode":"managed","type":"aws_iam_role","name":"task_execution_role","provider":"provider[\"registry.opentofu.org/hashicorp/aws\"]","instances":[{"schema_version":0,"attributes":{"arn":"arn:aws:iam::763455676074:role/newboots-ecs-task-execution-role","assume_role_policy":"{\"Statement\":[{\"Action\":\"sts:AssumeRole\",\"Effect\":\"Allow\",\"Principal\":{\"Service\":\"ecs-tasks.amazonaws.com\"}}],\"Version\":\"2012-10-17\"}","create_date":"2025-06-23T16:42:13Z","description":"","force_detach_policies":false,"id":"newboots-ecs-task-execution-role","inline_policy":[],"managed_policy_arns":["arn:aws:iam::763455676074:policy/newboots-ecs-secrets-access","arn:aws:iam::aws:policy/service-role/AmazonECSTaskExecutionRolePolicy"],"max_session_duration":3600,"name":"newboots-ecs-task-execution-role","name_prefix":"","path":"/","permissions_boundary":null,"role_last_used":[{"last_used_date":"2025-06-23T17:35:45Z","region":"us-east-1"}],"tags":{},"tags_all":{},"unique_id":"AROA3DQMBD2VDVC3ZXIFI"},"sensitive_attributes":[],"private":"bnVsbA=="}]},{"mode":"managed","type":"aws_iam_role_policy_attachment","name":"baseline_logs","provider":"provider[\"registry.opentofu.org/hashicorp/aws\"]","instances":[{"schema_version":0,"attributes":{"id":"newboots-ecs-baseline-task-role-20250623164214102800000003","policy_arn":"arn:aws:iam::763455676074:policy/newboots-ecs-baseline-logs","role":"newboots-ecs-baseline-task-role"},"sensitive_attributes":[],"private":"bnVsbA==","dependencies":["aws_cloudwatch_log_group.baseline","aws_iam_policy.baseline_logs","aws_iam_role.baseline_task_role","data.aws_iam_policy_document.baseline_logs"]}]},{"mode":"managed","type":"aws_iam_role_policy_attachment","name":"secrets_access","provider":"provider[\"registry.opentofu.org/hashicorp/aws\"]","instances":[{"schema_version":0,"attributes":{"id":"newboots-ecs-task-execution-role-20250623164214136700000004","policy_arn":"arn:aws:iam::763455676074:policy/newboots-ecs-secrets-access","role":"newboots-ecs-task-execution-role"},"sensitive_attributes":[],"private":"bnVsbA==","dependencies":["aws_iam_policy.secrets_access","aws_iam_role.task_execution_role","data.aws_caller_identity.current","data.aws_iam_policy_document.secrets_access","data.aws_region.current"]}]},{"mode":"managed","type":"aws_iam_role_policy_attachment","name":"sidecar_logs","provider":"provider[\"registry.opentofu.org/hashicorp/aws\"]","instances":[{"schema_version":0,"attributes":{"id":"newboots-ecs-sidecar-task-role-20250623164214284800000005","policy_arn":"arn:aws:iam::763455676074:policy/newboots-ecs-sidecar-logs","role":"newboots-ecs-sidecar-task-role"},"sensitive_attributes":[],"private":"bnVsbA==","dependencies":["aws_cloudwatch_log_group.forwarder","aws_cloudwatch_log_group.sidecar","aws_iam_policy.sidecar_logs","aws_iam_role.sidecar_task_role","data.aws_iam_policy_document.sidecar_logs"]}]},{"mode":"managed","type":"aws_iam_role_policy_attachment","name":"sidecar_secrets_access","provider":"provider[\"registry.opentofu.org/hashicorp/aws\"]","instances":[{"schema_version":0,"attributes":{"id":"newboots-ecs-sidecar-task-role-20250623173823880200000001","policy_arn":"arn:aws:iam::763455676074:policy/newboots-ecs-secrets-access","role":"newboots-ecs-sidecar-task-role"},"sensitive_attributes":[],"private":"bnVsbA==","dependencies":["aws_iam_policy.secrets_access","aws_iam_role.sidecar_task_role","data.aws_caller_identity.current","data.aws_iam_policy_document.secrets_access","data.aws_region.current"]}]},{"mode":"managed","type":"aws_iam_role_policy_attachment","name":"task_execution_role_policy","provider":"provider[\"registry.opentofu.org/hashicorp/aws\"]","instances":[{"schema_version":0,"attributes":{"id":"newboots-ecs-task-execution-role-20250623164214091700000002","policy_arn":"arn:aws:iam::aws:policy/service-role/AmazonECSTaskExecutionRolePolicy","role":"newboots-ecs-task-execution-role"},"sensitive_attributes":[],"private":"bnVsbA==","dependencies":["aws_iam_role.task_execution_role"]}]},{"mode":"managed","type":"aws_lb","name":"main","provider":"provider[\"registry.opentofu.org/hashicorp/aws\"]","instances":[{"schema_version":0,"attributes":{"access_logs":[{"bucket":"","enabled":false,"prefix":""}],"arn":"arn:aws:elasticloadbalancing:us-east-1:763455676074:loadbalancer/app/newboots-ecs-alb/55446a3e826e873a","arn_suffix":"app/newboots-ecs-alb/55446a3e826e873a","customer_owned_ipv4_pool":"","desync_mitigation_mode":"defensive","dns_name":"newboots-ecs-alb-1410550651.us-east-1.elb.amazonaws.com","drop_invalid_header_fields":false,"enable_cross_zone_load_balancing":true,"enable_deletion_protection":false,"enable_http2":true,"enable_tls_version_and_cipher_suite_headers":false,"enable_waf_fail_open":false,"enable_xff_client_port":false,"id":"arn:aws:elasticloadbalancing:us-east-1:763455676074:loadbalancer/app/newboots-ecs-alb/55446a3e826e873a","idle_timeout":60,"internal":false,"ip_address_type":"ipv4","load_balancer_type":"application","name":"newboots-ecs-alb","name_prefix":null,"preserve_host_header":false,"security_groups":["sg-0f417d4ce18f521f7"],"subnet_mapping":[{"allocation_id":"","ipv6_address":"","outpost_id":"","private_ipv4_address":"","subnet_id":"subnet-043e773b32dd9bab6"},{"allocation_id":"","ipv6_address":"","outpost_id":"","private_ipv4_address":"","subnet_id":"subnet-0a6eb2e5785095fe7"},{"allocation_id":"","ipv6_address":"","outpost_id":"","private_ipv4_address":"","subnet_id":"subnet-0e00490e656f9c960"}],"subnets":["subnet-043e773b32dd9bab6","subnet-0a6eb2e5785095fe7","subnet-0e00490e656f9c960"],"tags":{"Name":"newboots-ecs-alb"},"tags_all":{"Name":"newboots-ecs-alb"},"timeouts":null,"vpc_id":"vpc-093bd38bfca719dbe","xff_header_processing_mode":"append","zone_id":"Z35SXDOTRQ7X7K"},"sensitive_attributes":[],"private":"eyJlMmJmYjczMC1lY2FhLTExZTYtOGY4OC0zNDM2M2JjN2M0YzAiOnsiY3JlYXRlIjo2MDAwMDAwMDAwMDAsImRlbGV0ZSI6NjAwMDAwMDAwMDAwLCJ1cGRhdGUiOjYwMDAwMDAwMDAwMH19","dependencies":["aws_security_group.alb"]}]},{"mode":"managed","type":"aws_lb_listener","name":"http","provider":"provider[\"registry.opentofu.org/hashicorp/aws\"]","instances":[{"schema_version":0,"attributes":{"alpn_policy":null,"arn":"arn:aws:elasticloadbalancing:us-east-1:763455676074:listener/app/newboots-ecs-alb/55446a3e826e873a/4181c6a1b91473f6","certificate_arn":null,"default_action":[{"authenticate_cognito":[],"authenticate_oidc":[],"fixed_response":[],"forward":[],"order":1,"redirect":[],"target_group_arn":"arn:aws:elasticloadbalancing:us-east-1:763455676074:targetgroup/newboots-ecs-tg-baseline/7a0afb1078bcf961","type":"forward"}],"id":"arn:aws:elasticloadbalancing:us-east-1:763455676074:listener/app/newboots-ecs-alb/55446a3e826e873a/4181c6a1b91473f6","load_balancer_arn":"arn:aws:elasticloadbalancing:us-east-1:763455676074:loadbalancer/app/newboots-ecs-alb/55446a3e826e873a","port":80,"protocol":"HTTP","ssl_policy":"","tags":{},"tags_all":{},"timeouts":null},"sensitive_attributes":[],"private":"eyJlMmJmYjczMC1lY2FhLTExZTYtOGY4OC0zNDM2M2JjN2M0YzAiOnsicmVhZCI6NjAwMDAwMDAwMDAwfX0=","dependencies":["aws_lb.main","aws_lb_target_group.baseline","aws_security_group.alb"]}]},{"mode":"managed","type":"aws_lb_listener_rule","name":"sidecar","provider":"provider[\"registry.opentofu.org/hashicorp/aws\"]","instances":[{"schema_version":0,"attributes":{"action":[{"authenticate_cognito":[],"authenticate_oidc":[],"fixed_response":[],"forward":[],"order":1,"redirect":[],"target_group_arn":"arn:aws:elasticloadbalancing:us-east-1:763455676074:targetgroup/newboots-ecs-tg-sidecar/260bec850144fb1f","type":"forward"}],"arn":"arn:aws:elasticloadbalancing:us-east-1:763455676074:listener-rule/app/newboots-ecs-alb/55446a3e826e873a/4181c6a1b91473f6/25db5b3608859605","condition":[{"host_header":[],"http_header":[],"http_request_method":[],"path_pattern":[{"values":["/sidecar*"]}],"query_string":[],"source_ip":[]}],"id":"arn:aws:elasticloadbalancing:us-east-1:763455676074:listener-rule/app/newboots-ecs-alb/55446a3e826e873a/4181c6a1b91473f6/25db5b3608859605","listener_arn":"arn:aws:elasticloadbalancing:us-east-1:763455676074:listener/app/newboots-ecs-alb/55446a3e826e873a/4181c6a1b91473f6","priority":1,"tags":{},"tags_all":{}},"sensitive_attributes":[],"private":"bnVsbA==","dependencies":["aws_lb.main","aws_lb_listener.http","aws_lb_target_group.baseline","aws_lb_target_group.sidecar","aws_security_group.alb"]}]},{"mode":"managed","type":"aws_lb_target_group","name":"baseline","provider":"provider[\"registry.opentofu.org/hashicorp/aws\"]","instances":[{"schema_version":0,"attributes":{"arn":"arn:aws:elasticloadbalancing:us-east-1:763455676074:targetgroup/newboots-ecs-tg-baseline/7a0afb1078bcf961","arn_suffix":"targetgroup/newboots-ecs-tg-baseline/7a0afb1078bcf961","connection_termination":false,"deregistration_delay":"300","health_check":[{"enabled":true,"healthy_threshold":3,"interval":30,"matcher":"200","path":"/actuator/health","port":"traffic-port","protocol":"HTTP","timeout":5,"unhealthy_threshold":3}],"id":"arn:aws:elasticloadbalancing:us-east-1:763455676074:targetgroup/newboots-ecs-tg-baseline/7a0afb1078bcf961","ip_address_type":"ipv4","lambda_multi_value_headers_enabled":false,"load_balancing_algorithm_type":"round_robin","load_balancing_cross_zone_enabled":"use_load_balancer_configuration","name":"newboots-ecs-tg-baseline","name_prefix":null,"port":8080,"preserve_client_ip":null,"protocol":"HTTP","protocol_version":"HTTP1","proxy_protocol_v2":false,"slow_start":0,"stickiness":[{"cookie_duration":86400,"cookie_name":"","enabled":false,"type":"lb_cookie"}],"tags":{},"tags_all":{},"target_failover":[{"on_deregistration":null,"on_unhealthy":null}],"target_type":"ip","vpc_id":"vpc-093bd38bfca719dbe"},"sensitive_attributes":[],"private":"bnVsbA=="}]},{"mode":"managed","type":"aws_lb_target_group","name":"sidecar","provider":"provider[\"registry.opentofu.org/hashicorp/aws\"]","instances":[{"schema_version":0,"attributes":{"arn":"arn:aws:elasticloadbalancing:us-east-1:763455676074:targetgroup/newboots-ecs-tg-sidecar/260bec850144fb1f","arn_suffix":"targetgroup/newboots-ecs-tg-sidecar/260bec850144fb1f","connection_termination":false,"deregistration_delay":"300","health_check":[{"enabled":true,"healthy_threshold":3,"interval":30,"matcher":"200","path":"/actuator/health","port":"traffic-port","protocol":"HTTP","timeout":5,"unhealthy_threshold":3}],"id":"arn:aws:elasticloadbalancing:us-east-1:763455676074:targetgroup/newboots-ecs-tg-sidecar/260bec850144fb1f","ip_address_type":"ipv4","lambda_multi_value_headers_enabled":false,"load_balancing_algorithm_type":"round_robin","load_balancing_cross_zone_enabled":"use_load_balancer_configuration","name":"newboots-ecs-tg-sidecar","name_prefix":null,"port":8080,"preserve_client_ip":null,"protocol":"HTTP","protocol_version":"HTTP1","proxy_protocol_v2":false,"slow_start":0,"stickiness":[{"cookie_duration":86400,"cookie_name":"","enabled":false,"type":"lb_cookie"}],"tags":{},"tags_all":{},"target_failover":[{"on_deregistration":null,"on_unhealthy":null}],"target_type":"ip","vpc_id":"vpc-093bd38bfca719dbe"},"sensitive_attributes":[],"private":"bnVsbA=="}]},{"mode":"managed","type":"aws_security_group","name":"alb","provider":"provider[\"registry.opentofu.org/hashicorp/aws\"]","instances":[{"schema_version":1,"attributes":{"arn":"arn:aws:ec2:us-east-1:763455676074:security-group/sg-0f417d4ce18f521f7","description":"Security group for newboots Application Load Balancer","egress":[{"cidr_blocks":["0.0.0.0/0"],"description":"","from_port":0,"ipv6_cidr_blocks":[],"prefix_list_ids":[],"protocol":"-1","security_groups":[],"self":false,"to_port":0}],"id":"sg-0f417d4ce18f521f7","ingress":[{"cidr_blocks":["0.0.0.0/0"],"description":"","from_port":443,"ipv6_cidr_blocks":[],"prefix_list_ids":[],"protocol":"tcp","security_groups":[],"self":false,"to_port":443},{"cidr_blocks":["0.0.0.0/0"],"description":"","from_port":80,"ipv6_cidr_blocks":[],"prefix_list_ids":[],"protocol":"tcp","security_groups":[],"self":false,"to_port":80}],"name":"newboots-ecs-alb-sg","name_prefix":"","owner_id":"763455676074","revoke_rules_on_delete":false,"tags":{"Name":"newboots-ecs-alb-sg"},"tags_all":{"Name":"newboots-ecs-alb-sg"},"timeouts":null,"vpc_id":"vpc-093bd38bfca719dbe"},"sensitive_attributes":[],"private":"eyJlMmJmYjczMC1lY2FhLTExZTYtOGY4OC0zNDM2M2JjN2M0YzAiOnsiY3JlYXRlIjo2MDAwMDAwMDAwMDAsImRlbGV0ZSI6OTAwMDAwMDAwMDAwfSwic2NoZW1hX3ZlcnNpb24iOiIxIn0="}]},{"mode":"managed","type":"aws_security_group","name":"ecs","provider":"provider[\"registry.opentofu.org/hashicorp/aws\"]","instances":[{"schema_version":1,"attributes":{"arn":"arn:aws:ec2:us-east-1:763455676074:security-group/sg-081aebfd9c98343ac","description":"Security group for newboots ECS service","egress":[{"cidr_blocks":["0.0.0.0/0"],"description":"","from_port":0,"ipv6_cidr_blocks":[],"prefix_list_ids":[],"protocol":"-1","security_groups":[],"self":false,"to_port":0}],"id":"sg-081aebfd9c98343ac","ingress":[{"cidr_blocks":[],"description":"","from_port":8080,"ipv6_cidr_blocks":[],"prefix_list_ids":[],"protocol":"tcp","security_groups":["sg-0f417d4ce18f521f7"],"self":false,"to_port":8080}],"name":"newboots-ecs-ecs-sg","name_prefix":"","owner_id":"763455676074","revoke_rules_on_delete":false,"tags":{"Name":"newboots-ecs-ecs-sg"},"tags_all":{"Name":"newboots-ecs-ecs-sg"},"timeouts":null,"vpc_id":"vpc-093bd38bfca719dbe"},"sensitive_attributes":[],"private":"eyJlMmJmYjczMC1lY2FhLTExZTYtOGY4OC0zNDM2M2JjN2M0YzAiOnsiY3JlYXRlIjo2MDAwMDAwMDAwMDAsImRlbGV0ZSI6OTAwMDAwMDAwMDAwfSwic2NoZW1hX3ZlcnNpb24iOiIxIn0=","dependencies":["aws_security_group.alb"]}]},{"mode":"managed","type":"aws_security_group","name":"forwarder","provider":"provider[\"registry.opentofu.org/hashicorp/aws\"]","instances":[{"schema_version":1,"attributes":{"arn":"arn:aws:ec2:us-east-1:763455676074:security-group/sg-0d7cb97dae3f4cfba","description":"SG for Speedscale forwarder","egress":[{"cidr_blocks":["0.0.0.0/0"],"description":"","from_port":0,"ipv6_cidr_blocks":[],"prefix_list_ids":[],"protocol":"-1","security_groups":[],"self":false,"to_port":0}],"id":"sg-0d7cb97dae3f4cfba","ingress":[{"cidr_blocks":[],"description":"","from_port":8888,"ipv6_cidr_blocks":[],"prefix_list_ids":[],"protocol":"tcp","security_groups":["sg-081aebfd9c98343ac"],"self":false,"to_port":8888}],"name":"newboots-ecs-forwarder-sg","name_prefix":"","owner_id":"763455676074","revoke_rules_on_delete":false,"tags":{"Name":"newboots-ecs-forwarder-sg"},"tags_all":{"Name":"newboots-ecs-forwarder-sg"},"timeouts":null,"vpc_id":"vpc-093bd38bfca719dbe"},"sensitive_attributes":[],"private":"eyJlMmJmYjczMC1lY2FhLTExZTYtOGY4OC0zNDM2M2JjN2M0YzAiOnsiY3JlYXRlIjo2MDAwMDAwMDAwMDAsImRlbGV0ZSI6OTAwMDAwMDAwMDAwfSwic2NoZW1hX3ZlcnNpb24iOiIxIn0=","dependencies":["aws_security_group.alb","aws_security_group.ecs"]}]},{"mode":"managed","type":"aws_service_discovery_private_dns_namespace","name":"main","provider":"provider[\"registry.opentofu.org/hashicorp/aws\"]","instances":[{"schema_version":0,"attributes":{"arn":"arn:aws:servicediscovery:us-east-1:763455676074:namespace/ns-ds4k5jmmkd4kchc7","description":"","hosted_zone":"Z051075018SWN315L93U0","id":"ns-ds4k5jmmkd4kchc7","name":"newboots-ecs.local","tags":{},"tags_all":{},"vpc":"vpc-093bd38bfca719dbe"},"sensitive_attributes":[],"private":"bnVsbA=="}]},{"mode":"managed","type":"aws_service_discovery_service","name":"forwarder","provider":"provider[\"registry.opentofu.org/hashicorp/aws\"]","instances":[{"schema_version":0,"attributes":{"arn":"arn:aws:servicediscovery:us-east-1:763455676074:service/srv-k3xkmnul3s3wtzza","description":"","dns_config":[{"dns_records":[{"ttl":10,"type":"A"}],"namespace_id":"ns-ds4k5jmmkd4kchc7","routing_policy":"MULTIVALUE"}],"force_destroy":false,"health_check_config":[],"health_check_custom_config":[],"id":"srv-k3xkmnul3s3wtzza","name":"forwarder","namespace_id":"ns-ds4k5jmmkd4kchc7","tags":{},"tags_all":{},"type":"DNS_HTTP"},"sensitive_attributes":[],"private":"bnVsbA==","dependencies":["aws_service_discovery_private_dns_namespace.main"]}]}],"check_results":null}
